PODS:
  - agora_rtc_engine (6.2.2):
    - AgoraIrisRTC_iOS (= 4.2.2-build.1)
    - AgoraRtcEngine_iOS (= 4.2.2)
    - Flutter
  - AgoraIrisRTC_iOS (4.2.2-build.1)
  - AgoraRtcEngine_iOS (4.2.2):
    - AgoraRtcEngine_iOS/AIAEC (= 4.2.2)
    - AgoraRtcEngine_iOS/AINS (= 4.2.2)
    - AgoraRtcEngine_iOS/AudioBeauty (= 4.2.2)
    - AgoraRtcEngine_iOS/ClearVision (= 4.2.2)
    - AgoraRtcEngine_iOS/ContentInspect (= 4.2.2)
    - AgoraRtcEngine_iOS/DRM (= 4.2.2)
    - AgoraRtcEngine_iOS/FaceDetection (= 4.2.2)
    - AgoraRtcEngine_iOS/ReplayKit (= 4.2.2)
    - AgoraRtcEngine_iOS/RtcBasic (= 4.2.2)
    - AgoraRtcEngine_iOS/SpatialAudio (= 4.2.2)
    - AgoraRtcEngine_iOS/VideoCodecDec (= 4.2.2)
    - AgoraRtcEngine_iOS/VideoCodecEnc (= 4.2.2)
    - AgoraRtcEngine_iOS/VirtualBackground (= 4.2.2)
    - AgoraRtcEngine_iOS/VQA (= 4.2.2)
  - AgoraRtcEngine_iOS/AIAEC (4.2.2)
  - AgoraRtcEngine_iOS/AINS (4.2.2)
  - AgoraRtcEngine_iOS/AudioBeauty (4.2.2)
  - AgoraRtcEngine_iOS/ClearVision (4.2.2)
  - AgoraRtcEngine_iOS/ContentInspect (4.2.2)
  - AgoraRtcEngine_iOS/DRM (4.2.2)
  - AgoraRtcEngine_iOS/FaceDetection (4.2.2)
  - AgoraRtcEngine_iOS/ReplayKit (4.2.2)
  - AgoraRtcEngine_iOS/RtcBasic (4.2.2)
  - AgoraRtcEngine_iOS/SpatialAudio (4.2.2)
  - AgoraRtcEngine_iOS/VideoCodecDec (4.2.2)
  - AgoraRtcEngine_iOS/VideoCodecEnc (4.2.2)
  - AgoraRtcEngine_iOS/VirtualBackground (4.2.2)
  - AgoraRtcEngine_iOS/VQA (4.2.2)
  - Flutter (1.0.0)
  - flutter_keyboard_visibility (0.0.1):
    - Flutter
  - flutter_local_notifications (0.0.1):
    - Flutter
  - fluttertoast (0.0.2):
    - Flutter
    - Toast
  - iris_method_channel (0.0.1):
    - Flutter
  - kakao_flutter_sdk_common (1.5.0):
    - Flutter
  - path_provider_foundation (0.0.1):
    - Flutter
    - FlutterMacOS
  - permission_handler_apple (9.1.1):
    - Flutter
  - shared_preferences_foundation (0.0.1):
    - Flutter
    - FlutterMacOS
  - Toast (4.0.0)
  - url_launcher_ios (0.0.1):
    - Flutter
  - webview_flutter_wkwebview (0.0.1):
    - Flutter

DEPENDENCIES:
  - agora_rtc_engine (from `.symlinks/plugins/agora_rtc_engine/ios`)
  - Flutter (from `Flutter`)
  - flutter_keyboard_visibility (from `.symlinks/plugins/flutter_keyboard_visibility/ios`)
  - flutter_local_notifications (from `.symlinks/plugins/flutter_local_notifications/ios`)
  - fluttertoast (from `.symlinks/plugins/fluttertoast/ios`)
  - iris_method_channel (from `.symlinks/plugins/iris_method_channel/ios`)
  - kakao_flutter_sdk_common (from `.symlinks/plugins/kakao_flutter_sdk_common/ios`)
  - path_provider_foundation (from `.symlinks/plugins/path_provider_foundation/darwin`)
  - permission_handler_apple (from `.symlinks/plugins/permission_handler_apple/ios`)
  - shared_preferences_foundation (from `.symlinks/plugins/shared_preferences_foundation/darwin`)
  - url_launcher_ios (from `.symlinks/plugins/url_launcher_ios/ios`)
  - webview_flutter_wkwebview (from `.symlinks/plugins/webview_flutter_wkwebview/ios`)

SPEC REPOS:
  trunk:
    - AgoraIrisRTC_iOS
    - AgoraRtcEngine_iOS
    - Toast

EXTERNAL SOURCES:
  agora_rtc_engine:
    :path: ".symlinks/plugins/agora_rtc_engine/ios"
  Flutter:
    :path: Flutter
  flutter_keyboard_visibility:
    :path: ".symlinks/plugins/flutter_keyboard_visibility/ios"
  flutter_local_notifications:
    :path: ".symlinks/plugins/flutter_local_notifications/ios"
  fluttertoast:
    :path: ".symlinks/plugins/fluttertoast/ios"
  iris_method_channel:
    :path: ".symlinks/plugins/iris_method_channel/ios"
  kakao_flutter_sdk_common:
    :path: ".symlinks/plugins/kakao_flutter_sdk_common/ios"
  path_provider_foundation:
    :path: ".symlinks/plugins/path_provider_foundation/darwin"
  permission_handler_apple:
    :path: ".symlinks/plugins/permission_handler_apple/ios"
  shared_preferences_foundation:
    :path: ".symlinks/plugins/shared_preferences_foundation/darwin"
  url_launcher_ios:
    :path: ".symlinks/plugins/url_launcher_ios/ios"
  webview_flutter_wkwebview:
    :path: ".symlinks/plugins/webview_flutter_wkwebview/ios"

SPEC CHECKSUMS:
  agora_rtc_engine: 667a7de14f35858a31b0c64cd54042a2158ef198
  AgoraIrisRTC_iOS: 7e71322c06db6c29ceaf89a964fb8b2700a75001
  AgoraRtcEngine_iOS: c510de329cd905daff3f01fa4c872ea6d5eaee23
  Flutter: f04841e97a9d0b0a8025694d0796dd46242b2854
  flutter_keyboard_visibility: 0339d06371254c3eb25eeb90ba8d17dca8f9c069
  flutter_local_notifications: 0c0b1ae97e741e1521e4c1629a459d04b9aec743
  fluttertoast: eb263d302cc92e04176c053d2385237e9f43fad0
  iris_method_channel: 0617c689164d8154c020c50f63ca79f92b8a7b9d
  kakao_flutter_sdk_common: ceb36a134b53ae973da184f67f39993142377af4
  path_provider_foundation: 29f094ae23ebbca9d3d0cec13889cd9060c0e943
  permission_handler_apple: e76247795d700c14ea09e3a2d8855d41ee80a2e6
  shared_preferences_foundation: 986fc17f3d3251412d18b0265f9c64113a8c2472
  Toast: 91b396c56ee72a5790816f40d3a94dd357abc196
  url_launcher_ios: 08a3dfac5fb39e8759aeb0abbd5d9480f30fc8b4
  webview_flutter_wkwebview: 2e2d318f21a5e036e2c3f26171342e95908bd60a

PODFILE CHECKSUM: 1fbad36296cb4e04b0c128a38589ff47dd7b653e

COCOAPODS: 1.12.0
